
Microsoft Visual Studio Solution File, Format Version 12.00
# Visual Studio Version 16
VisualStudioVersion = 16.0.31025.194
MinimumVisualStudioVersion = 10.0.40219.1
Project("{9A19103F-16F7-4668-BE54-9A1E7A4F7556}") = "SourceGenSecrets", "SourceGenSecrets\SourceGenSecrets.csproj", "{C0E2FE55-97FB-4B1C-9F83-D44B4B1F36DB}"
EndProject
Project("{9A19103F-16F7-4668-BE54-9A1E7A4F7556}") = "SourceGenSecrets.Tests", "SourceGenSecrets.Tests\SourceGenSecrets.Tests.csproj", "{3775E9F1-4A05-4F4C-9428-E214AB1E55F9}"
EndProject
Global
	GlobalSection(SolutionConfigurationPlatforms) = preSolution
		Debug|Any CPU = Debug|Any CPU
		Release|Any CPU = Release|Any CPU
	EndGlobalSection
	GlobalSection(ProjectConfigurationPlatforms) = postSolution
		{C0E2FE55-97FB-4B1C-9F83-D44B4B1F36DB}.Debug|Any CPU.ActiveCfg = Debug|Any CPU
		{C0E2FE55-97FB-4B1C-9F83-D44B4B1F36DB}.Debug|Any CPU.Build.0 = Debug|Any CPU
		{C0E2FE55-97FB-4B1C-9F83-D44B4B1F36DB}.Release|Any CPU.ActiveCfg = Release|Any CPU
		{C0E2FE55-97FB-4B1C-9F83-D44B4B1F36DB}.Release|Any CPU.Build.0 = Release|Any CPU
		{3775E9F1-4A05-4F4C-9428-E214AB1E55F9}.Debug|Any CPU.ActiveCfg = Debug|Any CPU
		{3775E9F1-4A05-4F4C-9428-E214AB1E55F9}.Debug|Any CPU.Build.0 = Debug|Any CPU
		{3775E9F1-4A05-4F4C-9428-E214AB1E55F9}.Release|Any CPU.ActiveCfg = Release|Any CPU
		{3775E9F1-4A05-4F4C-9428-E214AB1E55F9}.Release|Any CPU.Build.0 = Release|Any CPU
	EndGlobalSection
	GlobalSection(SolutionProperties) = preSolution
		HideSolutionNode = FALSE
	EndGlobalSection
	GlobalSection(ExtensibilityGlobals) = postSolution
		SolutionGuid = {3A5881C8-FA0F-4E97-9BAD-37B90C6C738D}
	EndGlobalSection
EndGlobal
